
Microsoft Visual Studio Solution File, Format Version 12.00
# Visual Studio Version 17
VisualStudioVersion = 17.14.36203.30
MinimumVisualStudioVersion = 10.0.40219.1
Project("{FAE04EC0-301F-11D3-BF4B-00C04F79EFBC}") = "FranchiseKPIDashboard", "FranchiseKPIDashboard.csproj", "{11F02D67-E501-464A-8A22-EFF0D40325A0}"
EndProject
Project("{2150E333-8FDC-42A3-9474-1A3956D46DE8}") = "Assets", "Assets", "{02EA681E-C7D8-13C7-8484-4AC65E1B71E8}"
EndProject
Project("{2150E333-8FDC-42A3-9474-1A3956D46DE8}") = "Logos", "Logos", "{74EB3DD6-1EFB-4734-B3F6-F504050273A4}"
	ProjectSection(SolutionItems) = preProject
		..\..\Fast food Data Insite\Fast Food KPI Dashboard\Design\Brand.png = ..\..\Fast food Data Insite\Fast Food KPI Dashboard\Design\Brand.png
		..\..\Fast food Data Insite\Fast Food KPI Dashboard\Design\Customers.png = ..\..\Fast food Data Insite\Fast Food KPI Dashboard\Design\Customers.png
		..\..\Fast food Data Insite\Fast Food KPI Dashboard\Design\Revenue.png = ..\..\Fast food Data Insite\Fast Food KPI Dashboard\Design\Revenue.png
		..\..\Fast food Data Insite\Fast Food KPI Dashboard\Design\Sales.png = ..\..\Fast food Data Insite\Fast Food KPI Dashboard\Design\Sales.png
	EndProjectSection
EndProject
Global
	GlobalSection(SolutionConfigurationPlatforms) = preSolution
		Debug|Any CPU = Debug|Any CPU
		Release|Any CPU = Release|Any CPU
	EndGlobalSection
	GlobalSection(ProjectConfigurationPlatforms) = postSolution
		{11F02D67-E501-464A-8A22-EFF0D40325A0}.Debug|Any CPU.ActiveCfg = Debug|Any CPU
		{11F02D67-E501-464A-8A22-EFF0D40325A0}.Debug|Any CPU.Build.0 = Debug|Any CPU
		{11F02D67-E501-464A-8A22-EFF0D40325A0}.Release|Any CPU.ActiveCfg = Release|Any CPU
		{11F02D67-E501-464A-8A22-EFF0D40325A0}.Release|Any CPU.Build.0 = Release|Any CPU
	EndGlobalSection
	GlobalSection(SolutionProperties) = preSolution
		HideSolutionNode = FALSE
	EndGlobalSection
	GlobalSection(NestedProjects) = preSolution
		{74EB3DD6-1EFB-4734-B3F6-F504050273A4} = {02EA681E-C7D8-13C7-8484-4AC65E1B71E8}
	EndGlobalSection
	GlobalSection(ExtensibilityGlobals) = postSolution
		SolutionGuid = {EFEC2DCB-3545-47FE-BA87-BA2B88982A77}
	EndGlobalSection
EndGlobal
